// !$*UTF8*$!
{
	archiveVersion = 1;
	classes = {
	};
	objectVersion = 56;
	objects = {

/* Begin PBXBuildFile section */
		9E0BB9142B869F5D0090F041 /* AppCoordinator.swift in Sources */ = {isa = PBXBuildFile; fileRef = 9E0BB9132B869F5D0090F041 /* AppCoordinator.swift */; };
		9E0BB9162B86A0650090F041 /* ImageFeedFactory.swift in Sources */ = {isa = PBXBuildFile; fileRef = 9E0BB9152B86A0650090F041 /* ImageFeedFactory.swift */; };
		9E0BB9192B86A0C60090F041 /* ImageDetailViewController.swift in Sources */ = {isa = PBXBuildFile; fileRef = 9E0BB9182B86A0C60090F041 /* ImageDetailViewController.swift */; };
		9E0BB91B2B86A0D50090F041 /* ImageDetailFactory.swift in Sources */ = {isa = PBXBuildFile; fileRef = 9E0BB91A2B86A0D50090F041 /* ImageDetailFactory.swift */; };
		9E0BB91D2B86A0DE0090F041 /* ImageDetailPresenter.swift in Sources */ = {isa = PBXBuildFile; fileRef = 9E0BB91C2B86A0DE0090F041 /* ImageDetailPresenter.swift */; };
		9E0BB91F2B86A1170090F041 /* PhotoServiceFactory.swift in Sources */ = {isa = PBXBuildFile; fileRef = 9E0BB91E2B86A1170090F041 /* PhotoServiceFactory.swift */; };
		9E0BB9232B86A2D60090F041 /* AccessTokenStorage.swift in Sources */ = {isa = PBXBuildFile; fileRef = 9E0BB9222B86A2D60090F041 /* AccessTokenStorage.swift */; };
		9E0BB9252B86A2E50090F041 /* AccessTokenStorageFactory.swift in Sources */ = {isa = PBXBuildFile; fileRef = 9E0BB9242B86A2E50090F041 /* AccessTokenStorageFactory.swift */; };
		9E0BB9272B86A3DE0090F041 /* AccessTokenError.swift in Sources */ = {isa = PBXBuildFile; fileRef = 9E0BB9262B86A3DE0090F041 /* AccessTokenError.swift */; };
		9E0BB9292B86A9A30090F041 /* PhotoServiceError.swift in Sources */ = {isa = PBXBuildFile; fileRef = 9E0BB9282B86A9A30090F041 /* PhotoServiceError.swift */; };
		9E3F2C102BF8F871002E5A7D /* FetchPhotosResponse.swift in Sources */ = {isa = PBXBuildFile; fileRef = 9E3F2C0F2BF8F871002E5A7D /* FetchPhotosResponse.swift */; };
		9E3F2C122BF8F8AC002E5A7D /* Photo.swift in Sources */ = {isa = PBXBuildFile; fileRef = 9E3F2C112BF8F8AC002E5A7D /* Photo.swift */; };
		9E3F2C142BF8F8BA002E5A7D /* PhotoSource.swift in Sources */ = {isa = PBXBuildFile; fileRef = 9E3F2C132BF8F8BA002E5A7D /* PhotoSource.swift */; };
		9E3F2C182BF91162002E5A7D /* ImageFeedSection.swift in Sources */ = {isa = PBXBuildFile; fileRef = 9E3F2C172BF91162002E5A7D /* ImageFeedSection.swift */; };
		9E3F2C1D2BF9118C002E5A7D /* ImageFeedItem.swift in Sources */ = {isa = PBXBuildFile; fileRef = 9E3F2C1C2BF9118C002E5A7D /* ImageFeedItem.swift */; };
		9E3F2C1F2BF9130B002E5A7D /* ImageFeedTableViewCell.swift in Sources */ = {isa = PBXBuildFile; fileRef = 9E3F2C1E2BF9130B002E5A7D /* ImageFeedTableViewCell.swift */; };
		9E3F2C212BFA5E0F002E5A7D /* ImageProvider.swift in Sources */ = {isa = PBXBuildFile; fileRef = 9E3F2C202BFA5E0F002E5A7D /* ImageProvider.swift */; };
		9E3F2C242BFAB6BE002E5A7D /* ImageProviderError.swift in Sources */ = {isa = PBXBuildFile; fileRef = 9E3F2C232BFAB6BE002E5A7D /* ImageProviderError.swift */; };
		9E3F2C262BFABA75002E5A7D /* ImageProviderFactory.swift in Sources */ = {isa = PBXBuildFile; fileRef = 9E3F2C252BFABA75002E5A7D /* ImageProviderFactory.swift */; };
		9EBDC49C2B76A8860036EFC5 /* AppDelegate.swift in Sources */ = {isa = PBXBuildFile; fileRef = 9EBDC49B2B76A8860036EFC5 /* AppDelegate.swift */; };
		9EBDC49E2B76A8860036EFC5 /* SceneDelegate.swift in Sources */ = {isa = PBXBuildFile; fileRef = 9EBDC49D2B76A8860036EFC5 /* SceneDelegate.swift */; };
		9EBDC4A02B76A8860036EFC5 /* ImageFeedViewController.swift in Sources */ = {isa = PBXBuildFile; fileRef = 9EBDC49F2B76A8860036EFC5 /* ImageFeedViewController.swift */; };
		9EBDC4A52B76A8870036EFC5 /* Assets.xcassets in Resources */ = {isa = PBXBuildFile; fileRef = 9EBDC4A42B76A8870036EFC5 /* Assets.xcassets */; };
		9EBDC4A82B76A8870036EFC5 /* LaunchScreen.storyboard in Resources */ = {isa = PBXBuildFile; fileRef = 9EBDC4A62B76A8870036EFC5 /* LaunchScreen.storyboard */; };
		9EBDC4B12B76A8DB0036EFC5 /* ImageFeedPresenter.swift in Sources */ = {isa = PBXBuildFile; fileRef = 9EBDC4B02B76A8DB0036EFC5 /* ImageFeedPresenter.swift */; };
		9EBDC4B42B76ABF00036EFC5 /* PexelsAPIService.swift in Sources */ = {isa = PBXBuildFile; fileRef = 9EBDC4B32B76ABF00036EFC5 /* PexelsAPIService.swift */; };
		9EBDC4B62B76AC040036EFC5 /* PhotoService.swift in Sources */ = {isa = PBXBuildFile; fileRef = 9EBDC4B52B76AC040036EFC5 /* PhotoService.swift */; };
/* End PBXBuildFile section */

/* Begin PBXFileReference section */
		9E0BB9132B869F5D0090F041 /* AppCoordinator.swift */ = {isa = PBXFileReference; lastKnownFileType = sourcecode.swift; path = AppCoordinator.swift; sourceTree = "<group>"; };
		9E0BB9152B86A0650090F041 /* ImageFeedFactory.swift */ = {isa = PBXFileReference; lastKnownFileType = sourcecode.swift; path = ImageFeedFactory.swift; sourceTree = "<group>"; };
		9E0BB9182B86A0C60090F041 /* ImageDetailViewController.swift */ = {isa = PBXFileReference; lastKnownFileType = sourcecode.swift; path = ImageDetailViewController.swift; sourceTree = "<group>"; };
		9E0BB91A2B86A0D50090F041 /* ImageDetailFactory.swift */ = {isa = PBXFileReference; lastKnownFileType = sourcecode.swift; path = ImageDetailFactory.swift; sourceTree = "<group>"; };
		9E0BB91C2B86A0DE0090F041 /* ImageDetailPresenter.swift */ = {isa = PBXFileReference; lastKnownFileType = sourcecode.swift; path = ImageDetailPresenter.swift; sourceTree = "<group>"; };
		9E0BB91E2B86A1170090F041 /* PhotoServiceFactory.swift */ = {isa = PBXFileReference; lastKnownFileType = sourcecode.swift; path = PhotoServiceFactory.swift; sourceTree = "<group>"; };
		9E0BB9222B86A2D60090F041 /* AccessTokenStorage.swift */ = {isa = PBXFileReference; lastKnownFileType = sourcecode.swift; path = AccessTokenStorage.swift; sourceTree = "<group>"; };
		9E0BB9242B86A2E50090F041 /* AccessTokenStorageFactory.swift */ = {isa = PBXFileReference; lastKnownFileType = sourcecode.swift; path = AccessTokenStorageFactory.swift; sourceTree = "<group>"; };
		9E0BB9262B86A3DE0090F041 /* AccessTokenError.swift */ = {isa = PBXFileReference; lastKnownFileType = sourcecode.swift; path = AccessTokenError.swift; sourceTree = "<group>"; };
		9E0BB9282B86A9A30090F041 /* PhotoServiceError.swift */ = {isa = PBXFileReference; lastKnownFileType = sourcecode.swift; path = PhotoServiceError.swift; sourceTree = "<group>"; };
		9E3F2C0F2BF8F871002E5A7D /* FetchPhotosResponse.swift */ = {isa = PBXFileReference; lastKnownFileType = sourcecode.swift; path = FetchPhotosResponse.swift; sourceTree = "<group>"; };
		9E3F2C112BF8F8AC002E5A7D /* Photo.swift */ = {isa = PBXFileReference; lastKnownFileType = sourcecode.swift; path = Photo.swift; sourceTree = "<group>"; };
		9E3F2C132BF8F8BA002E5A7D /* PhotoSource.swift */ = {isa = PBXFileReference; lastKnownFileType = sourcecode.swift; path = PhotoSource.swift; sourceTree = "<group>"; };
		9E3F2C172BF91162002E5A7D /* ImageFeedSection.swift */ = {isa = PBXFileReference; lastKnownFileType = sourcecode.swift; path = ImageFeedSection.swift; sourceTree = "<group>"; };
		9E3F2C1C2BF9118C002E5A7D /* ImageFeedItem.swift */ = {isa = PBXFileReference; lastKnownFileType = sourcecode.swift; path = ImageFeedItem.swift; sourceTree = "<group>"; };
		9E3F2C1E2BF9130B002E5A7D /* ImageFeedTableViewCell.swift */ = {isa = PBXFileReference; lastKnownFileType = sourcecode.swift; path = ImageFeedTableViewCell.swift; sourceTree = "<group>"; };
		9E3F2C202BFA5E0F002E5A7D /* ImageProvider.swift */ = {isa = PBXFileReference; lastKnownFileType = sourcecode.swift; path = ImageProvider.swift; sourceTree = "<group>"; };
		9E3F2C232BFAB6BE002E5A7D /* ImageProviderError.swift */ = {isa = PBXFileReference; lastKnownFileType = sourcecode.swift; path = ImageProviderError.swift; sourceTree = "<group>"; };
		9E3F2C252BFABA75002E5A7D /* ImageProviderFactory.swift */ = {isa = PBXFileReference; lastKnownFileType = sourcecode.swift; path = ImageProviderFactory.swift; sourceTree = "<group>"; };
		9EBDC4982B76A8860036EFC5 /* ImageFeed.app */ = {isa = PBXFileReference; explicitFileType = wrapper.application; includeInIndex = 0; path = ImageFeed.app; sourceTree = BUILT_PRODUCTS_DIR; };
		9EBDC49B2B76A8860036EFC5 /* AppDelegate.swift */ = {isa = PBXFileReference; lastKnownFileType = sourcecode.swift; path = AppDelegate.swift; sourceTree = "<group>"; };
		9EBDC49D2B76A8860036EFC5 /* SceneDelegate.swift */ = {isa = PBXFileReference; lastKnownFileType = sourcecode.swift; path = SceneDelegate.swift; sourceTree = "<group>"; };
		9EBDC49F2B76A8860036EFC5 /* ImageFeedViewController.swift */ = {isa = PBXFileReference; lastKnownFileType = sourcecode.swift; path = ImageFeedViewController.swift; sourceTree = "<group>"; };
		9EBDC4A42B76A8870036EFC5 /* Assets.xcassets */ = {isa = PBXFileReference; lastKnownFileType = folder.assetcatalog; path = Assets.xcassets; sourceTree = "<group>"; };
		9EBDC4A72B76A8870036EFC5 /* Base */ = {isa = PBXFileReference; lastKnownFileType = file.storyboard; name = Base; path = Base.lproj/LaunchScreen.storyboard; sourceTree = "<group>"; };
		9EBDC4A92B76A8870036EFC5 /* Info.plist */ = {isa = PBXFileReference; lastKnownFileType = text.plist.xml; path = Info.plist; sourceTree = "<group>"; };
		9EBDC4B02B76A8DB0036EFC5 /* ImageFeedPresenter.swift */ = {isa = PBXFileReference; lastKnownFileType = sourcecode.swift; path = ImageFeedPresenter.swift; sourceTree = "<group>"; };
		9EBDC4B32B76ABF00036EFC5 /* PexelsAPIService.swift */ = {isa = PBXFileReference; lastKnownFileType = sourcecode.swift; path = PexelsAPIService.swift; sourceTree = "<group>"; };
		9EBDC4B52B76AC040036EFC5 /* PhotoService.swift */ = {isa = PBXFileReference; lastKnownFileType = sourcecode.swift; path = PhotoService.swift; sourceTree = "<group>"; };
/* End PBXFileReference section */

/* Begin PBXFrameworksBuildPhase section */
		9EBDC4952B76A8860036EFC5 /* Frameworks */ = {
			isa = PBXFrameworksBuildPhase;
			buildActionMask = 2147483647;
			files = (
			);
			runOnlyForDeploymentPostprocessing = 0;
		};
/* End PBXFrameworksBuildPhase section */

/* Begin PBXGroup section */
		9E0BB9122B869F520090F041 /* Coordinator */ = {
			isa = PBXGroup;
			children = (
				9E0BB9132B869F5D0090F041 /* AppCoordinator.swift */,
			);
			path = Coordinator;
			sourceTree = "<group>";
		};
		9E0BB9172B86A0A60090F041 /* ImageDetail */ = {
			isa = PBXGroup;
			children = (
				9E0BB9182B86A0C60090F041 /* ImageDetailViewController.swift */,
				9E0BB91A2B86A0D50090F041 /* ImageDetailFactory.swift */,
				9E0BB91C2B86A0DE0090F041 /* ImageDetailPresenter.swift */,
			);
			path = ImageDetail;
			sourceTree = "<group>";
		};
		9E0BB9202B86A2BF0090F041 /* ImageService */ = {
			isa = PBXGroup;
			children = (
				9E3F2C0E2BF8F683002E5A7D /* Models */,
				9EBDC4B52B76AC040036EFC5 /* PhotoService.swift */,
				9E0BB91E2B86A1170090F041 /* PhotoServiceFactory.swift */,
				9E0BB9282B86A9A30090F041 /* PhotoServiceError.swift */,
				9EBDC4B32B76ABF00036EFC5 /* PexelsAPIService.swift */,
			);
			path = ImageService;
			sourceTree = "<group>";
		};
		9E0BB9212B86A2CA0090F041 /* AccessTokenStorage */ = {
			isa = PBXGroup;
			children = (
				9E0BB9222B86A2D60090F041 /* AccessTokenStorage.swift */,
				9E0BB9262B86A3DE0090F041 /* AccessTokenError.swift */,
				9E0BB9242B86A2E50090F041 /* AccessTokenStorageFactory.swift */,
			);
			path = AccessTokenStorage;
			sourceTree = "<group>";
		};
		9E3F2C0E2BF8F683002E5A7D /* Models */ = {
			isa = PBXGroup;
			children = (
				9E3F2C0F2BF8F871002E5A7D /* FetchPhotosResponse.swift */,
				9E3F2C112BF8F8AC002E5A7D /* Photo.swift */,
				9E3F2C132BF8F8BA002E5A7D /* PhotoSource.swift */,
			);
			path = Models;
			sourceTree = "<group>";
		};
		9E3F2C152BF8FF34002E5A7D /* Views */ = {
			isa = PBXGroup;
			children = (
				9E3F2C1E2BF9130B002E5A7D /* ImageFeedTableViewCell.swift */,
			);
			path = Views;
			sourceTree = "<group>";
		};
		9E3F2C162BF910E6002E5A7D /* TableViewItems */ = {
			isa = PBXGroup;
			children = (
				9E3F2C172BF91162002E5A7D /* ImageFeedSection.swift */,
				9E3F2C1C2BF9118C002E5A7D /* ImageFeedItem.swift */,
			);
			path = TableViewItems;
			sourceTree = "<group>";
		};
		9E3F2C222BFA5E18002E5A7D /* ImageProvider */ = {
			isa = PBXGroup;
			children = (
				9E3F2C202BFA5E0F002E5A7D /* ImageProvider.swift */,
				9E3F2C232BFAB6BE002E5A7D /* ImageProviderError.swift */,
				9E3F2C252BFABA75002E5A7D /* ImageProviderFactory.swift */,
			);
			path = ImageProvider;
			sourceTree = "<group>";
		};
		9EBDC48F2B76A8860036EFC5 = {
			isa = PBXGroup;
			children = (
				9EBDC49A2B76A8860036EFC5 /* ImageFeed */,
				9EBDC4992B76A8860036EFC5 /* Products */,
			);
			sourceTree = "<group>";
		};
		9EBDC4992B76A8860036EFC5 /* Products */ = {
			isa = PBXGroup;
			children = (
				9EBDC4982B76A8860036EFC5 /* ImageFeed.app */,
			);
			name = Products;
			sourceTree = "<group>";
		};
		9EBDC49A2B76A8860036EFC5 /* ImageFeed */ = {
			isa = PBXGroup;
			children = (
				9EBDC49B2B76A8860036EFC5 /* AppDelegate.swift */,
				9EBDC49D2B76A8860036EFC5 /* SceneDelegate.swift */,
				9E0BB9172B86A0A60090F041 /* ImageDetail */,
				9E0BB9122B869F520090F041 /* Coordinator */,
				9EBDC4B22B76ABC10036EFC5 /* Services */,
				9EBDC4AF2B76A8C10036EFC5 /* ImageFeed */,
				9EBDC4A42B76A8870036EFC5 /* Assets.xcassets */,
				9EBDC4A62B76A8870036EFC5 /* LaunchScreen.storyboard */,
				9EBDC4A92B76A8870036EFC5 /* Info.plist */,
			);
			path = ImageFeed;
			sourceTree = "<group>";
		};
		9EBDC4AF2B76A8C10036EFC5 /* ImageFeed */ = {
			isa = PBXGroup;
			children = (
				9E3F2C162BF910E6002E5A7D /* TableViewItems */,
				9E3F2C152BF8FF34002E5A7D /* Views */,
				9EBDC49F2B76A8860036EFC5 /* ImageFeedViewController.swift */,
				9E0BB9152B86A0650090F041 /* ImageFeedFactory.swift */,
				9EBDC4B02B76A8DB0036EFC5 /* ImageFeedPresenter.swift */,
			);
			path = ImageFeed;
			sourceTree = "<group>";
		};
		9EBDC4B22B76ABC10036EFC5 /* Services */ = {
			isa = PBXGroup;
			children = (
				9E3F2C222BFA5E18002E5A7D /* ImageProvider */,
				9E0BB9212B86A2CA0090F041 /* AccessTokenStorage */,
				9E0BB9202B86A2BF0090F041 /* ImageService */,
			);
			path = Services;
			sourceTree = "<group>";
		};
/* End PBXGroup section */

/* Begin PBXNativeTarget section */
		9EBDC4972B76A8860036EFC5 /* ImageFeed */ = {
			isa = PBXNativeTarget;
			buildConfigurationList = 9EBDC4AC2B76A8870036EFC5 /* Build configuration list for PBXNativeTarget "ImageFeed" */;
			buildPhases = (
				9EBDC4942B76A8860036EFC5 /* Sources */,
				9EBDC4952B76A8860036EFC5 /* Frameworks */,
				9EBDC4962B76A8860036EFC5 /* Resources */,
			);
			buildRules = (
			);
			dependencies = (
			);
			name = ImageFeed;
			productName = ImageFeed;
			productReference = 9EBDC4982B76A8860036EFC5 /* ImageFeed.app */;
			productType = "com.apple.product-type.application";
		};
/* End PBXNativeTarget section */

/* Begin PBXProject section */
		9EBDC4902B76A8860036EFC5 /* Project object */ = {
			isa = PBXProject;
			attributes = {
				BuildIndependentTargetsInParallel = 1;
				LastSwiftUpdateCheck = 1520;
				LastUpgradeCheck = 1520;
				TargetAttributes = {
					9EBDC4972B76A8860036EFC5 = {
						CreatedOnToolsVersion = 15.2;
					};
				};
			};
			buildConfigurationList = 9EBDC4932B76A8860036EFC5 /* Build configuration list for PBXProject "ImageFeed" */;
			compatibilityVersion = "Xcode 14.0";
			developmentRegion = en;
			hasScannedForEncodings = 0;
			knownRegions = (
				en,
				Base,
			);
			mainGroup = 9EBDC48F2B76A8860036EFC5;
			productRefGroup = 9EBDC4992B76A8860036EFC5 /* Products */;
			projectDirPath = "";
			projectRoot = "";
			targets = (
				9EBDC4972B76A8860036EFC5 /* ImageFeed */,
			);
		};
/* End PBXProject section */

/* Begin PBXResourcesBuildPhase section */
		9EBDC4962B76A8860036EFC5 /* Resources */ = {
			isa = PBXResourcesBuildPhase;
			buildActionMask = 2147483647;
			files = (
				9EBDC4A82B76A8870036EFC5 /* LaunchScreen.storyboard in Resources */,
				9EBDC4A52B76A8870036EFC5 /* Assets.xcassets in Resources */,
			);
			runOnlyForDeploymentPostprocessing = 0;
		};
/* End PBXResourcesBuildPhase section */

/* Begin PBXSourcesBuildPhase section */
		9EBDC4942B76A8860036EFC5 /* Sources */ = {
			isa = PBXSourcesBuildPhase;
			buildActionMask = 2147483647;
			files = (
				9E0BB9292B86A9A30090F041 /* PhotoServiceError.swift in Sources */,
				9E3F2C182BF91162002E5A7D /* ImageFeedSection.swift in Sources */,
				9E0BB91F2B86A1170090F041 /* PhotoServiceFactory.swift in Sources */,
				9E0BB9162B86A0650090F041 /* ImageFeedFactory.swift in Sources */,
				9EBDC4A02B76A8860036EFC5 /* ImageFeedViewController.swift in Sources */,
				9E0BB9232B86A2D60090F041 /* AccessTokenStorage.swift in Sources */,
				9EBDC4B42B76ABF00036EFC5 /* PexelsAPIService.swift in Sources */,
				9E3F2C1F2BF9130B002E5A7D /* ImageFeedTableViewCell.swift in Sources */,
				9EBDC49C2B76A8860036EFC5 /* AppDelegate.swift in Sources */,
				9E3F2C142BF8F8BA002E5A7D /* PhotoSource.swift in Sources */,
				9E0BB91D2B86A0DE0090F041 /* ImageDetailPresenter.swift in Sources */,
				9EBDC4B12B76A8DB0036EFC5 /* ImageFeedPresenter.swift in Sources */,
				9E0BB91B2B86A0D50090F041 /* ImageDetailFactory.swift in Sources */,
				9E3F2C212BFA5E0F002E5A7D /* ImageProvider.swift in Sources */,
				9E3F2C262BFABA75002E5A7D /* ImageProviderFactory.swift in Sources */,
				9E3F2C1D2BF9118C002E5A7D /* ImageFeedItem.swift in Sources */,
				9EBDC49E2B76A8860036EFC5 /* SceneDelegate.swift in Sources */,
				9E3F2C102BF8F871002E5A7D /* FetchPhotosResponse.swift in Sources */,
				9E3F2C122BF8F8AC002E5A7D /* Photo.swift in Sources */,
				9E0BB9272B86A3DE0090F041 /* AccessTokenError.swift in Sources */,
				9E3F2C242BFAB6BE002E5A7D /* ImageProviderError.swift in Sources */,
				9EBDC4B62B76AC040036EFC5 /* PhotoService.swift in Sources */,
				9E0BB9192B86A0C60090F041 /* ImageDetailViewController.swift in Sources */,
				9E0BB9252B86A2E50090F041 /* AccessTokenStorageFactory.swift in Sources */,
				9E0BB9142B869F5D0090F041 /* AppCoordinator.swift in Sources */,
			);
			runOnlyForDeploymentPostprocessing = 0;
		};
/* End PBXSourcesBuildPhase section */

/* Begin PBXVariantGroup section */
		9EBDC4A62B76A8870036EFC5 /* LaunchScreen.storyboard */ = {
			isa = PBXVariantGroup;
			children = (
				9EBDC4A72B76A8870036EFC5 /* Base */,
			);
			name = LaunchScreen.storyboard;
			sourceTree = "<group>";
		};
/* End PBXVariantGroup section */

/* Begin XCBuildConfiguration section */
		9EBDC4AA2B76A8870036EFC5 /* Debug */ = {
			isa = XCBuildConfiguration;
			buildSettings = {
				ALWAYS_SEARCH_USER_PATHS = NO;
				ASSETCATALOG_COMPILER_GENERATE_SWIFT_ASSET_SYMBOL_EXTENSIONS = YES;
				CLANG_ANALYZER_NONNULL = YES;
				CLANG_ANALYZER_NUMBER_OBJECT_CONVERSION = YES_AGGRESSIVE;
				CLANG_CXX_LANGUAGE_STANDARD = "gnu++20";
				CLANG_ENABLE_MODULES = YES;
				CLANG_ENABLE_OBJC_ARC = YES;
				CLANG_ENABLE_OBJC_WEAK = YES;
				CLANG_WARN_BLOCK_CAPTURE_AUTORELEASING = YES;
				CLANG_WARN_BOOL_CONVERSION = YES;
				CLANG_WARN_COMMA = YES;
				CLANG_WARN_CONSTANT_CONVERSION = YES;
				CLANG_WARN_DEPRECATED_OBJC_IMPLEMENTATIONS = YES;
				CLANG_WARN_DIRECT_OBJC_ISA_USAGE = YES_ERROR;
				CLANG_WARN_DOCUMENTATION_COMMENTS = YES;
				CLANG_WARN_EMPTY_BODY = YES;
				CLANG_WARN_ENUM_CONVERSION = YES;
				CLANG_WARN_INFINITE_RECURSION = YES;
				CLANG_WARN_INT_CONVERSION = YES;
				CLANG_WARN_NON_LITERAL_NULL_CONVERSION = YES;
				CLANG_WARN_OBJC_IMPLICIT_RETAIN_SELF = YES;
				CLANG_WARN_OBJC_LITERAL_CONVERSION = YES;
				CLANG_WARN_OBJC_ROOT_CLASS = YES_ERROR;
				CLANG_WARN_QUOTED_INCLUDE_IN_FRAMEWORK_HEADER = YES;
				CLANG_WARN_RANGE_LOOP_ANALYSIS = YES;
				CLANG_WARN_STRICT_PROTOTYPES = YES;
				CLANG_WARN_SUSPICIOUS_MOVE = YES;
				CLANG_WARN_UNGUARDED_AVAILABILITY = YES_AGGRESSIVE;
				CLANG_WARN_UNREACHABLE_CODE = YES;
				CLANG_WARN__DUPLICATE_METHOD_MATCH = YES;
				COPY_PHASE_STRIP = NO;
				DEBUG_INFORMATION_FORMAT = dwarf;
				ENABLE_STRICT_OBJC_MSGSEND = YES;
				ENABLE_TESTABILITY = YES;
				ENABLE_USER_SCRIPT_SANDBOXING = YES;
				GCC_C_LANGUAGE_STANDARD = gnu17;
				GCC_DYNAMIC_NO_PIC = NO;
				GCC_NO_COMMON_BLOCKS = YES;
				GCC_OPTIMIZATION_LEVEL = 0;
				GCC_PREPROCESSOR_DEFINITIONS = (
					"DEBUG=1",
					"$(inherited)",
				);
				GCC_WARN_64_TO_32_BIT_CONVERSION = YES;
				GCC_WARN_ABOUT_RETURN_TYPE = YES_ERROR;
				GCC_WARN_UNDECLARED_SELECTOR = YES;
				GCC_WARN_UNINITIALIZED_AUTOS = YES_AGGRESSIVE;
				GCC_WARN_UNUSED_FUNCTION = YES;
				GCC_WARN_UNUSED_VARIABLE = YES;
				IPHONEOS_DEPLOYMENT_TARGET = 17.2;
				LOCALIZATION_PREFERS_STRING_CATALOGS = YES;
				MTL_ENABLE_DEBUG_INFO = INCLUDE_SOURCE;
				MTL_FAST_MATH = YES;
				ONLY_ACTIVE_ARCH = YES;
				SDKROOT = iphoneos;
				SWIFT_ACTIVE_COMPILATION_CONDITIONS = "DEBUG $(inherited)";
				SWIFT_OPTIMIZATION_LEVEL = "-Onone";
			};
			name = Debug;
		};
		9EBDC4AB2B76A8870036EFC5 /* Release */ = {
			isa = XCBuildConfiguration;
			buildSettings = {
				ALWAYS_SEARCH_USER_PATHS = NO;
				ASSETCATALOG_COMPILER_GENERATE_SWIFT_ASSET_SYMBOL_EXTENSIONS = YES;
				CLANG_ANALYZER_NONNULL = YES;
				CLANG_ANALYZER_NUMBER_OBJECT_CONVERSION = YES_AGGRESSIVE;
				CLANG_CXX_LANGUAGE_STANDARD = "gnu++20";
				CLANG_ENABLE_MODULES = YES;
				CLANG_ENABLE_OBJC_ARC = YES;
				CLANG_ENABLE_OBJC_WEAK = YES;
				CLANG_WARN_BLOCK_CAPTURE_AUTORELEASING = YES;
				CLANG_WARN_BOOL_CONVERSION = YES;
				CLANG_WARN_COMMA = YES;
				CLANG_WARN_CONSTANT_CONVERSION = YES;
				CLANG_WARN_DEPRECATED_OBJC_IMPLEMENTATIONS = YES;
				CLANG_WARN_DIRECT_OBJC_ISA_USAGE = YES_ERROR;
				CLANG_WARN_DOCUMENTATION_COMMENTS = YES;
				CLANG_WARN_EMPTY_BODY = YES;
				CLANG_WARN_ENUM_CONVERSION = YES;
				CLANG_WARN_INFINITE_RECURSION = YES;
				CLANG_WARN_INT_CONVERSION = YES;
				CLANG_WARN_NON_LITERAL_NULL_CONVERSION = YES;
				CLANG_WARN_OBJC_IMPLICIT_RETAIN_SELF = YES;
				CLANG_WARN_OBJC_LITERAL_CONVERSION = YES;
				CLANG_WARN_OBJC_ROOT_CLASS = YES_ERROR;
				CLANG_WARN_QUOTED_INCLUDE_IN_FRAMEWORK_HEADER = YES;
				CLANG_WARN_RANGE_LOOP_ANALYSIS = YES;
				CLANG_WARN_STRICT_PROTOTYPES = YES;
				CLANG_WARN_SUSPICIOUS_MOVE = YES;
				CLANG_WARN_UNGUARDED_AVAILABILITY = YES_AGGRESSIVE;
				CLANG_WARN_UNREACHABLE_CODE = YES;
				CLANG_WARN__DUPLICATE_METHOD_MATCH = YES;
				COPY_PHASE_STRIP = NO;
				DEBUG_INFORMATION_FORMAT = "dwarf-with-dsym";
				ENABLE_NS_ASSERTIONS = NO;
				ENABLE_STRICT_OBJC_MSGSEND = YES;
				ENABLE_USER_SCRIPT_SANDBOXING = YES;
				GCC_C_LANGUAGE_STANDARD = gnu17;
				GCC_NO_COMMON_BLOCKS = YES;
				GCC_WARN_64_TO_32_BIT_CONVERSION = YES;
				GCC_WARN_ABOUT_RETURN_TYPE = YES_ERROR;
				GCC_WARN_UNDECLARED_SELECTOR = YES;
				GCC_WARN_UNINITIALIZED_AUTOS = YES_AGGRESSIVE;
				GCC_WARN_UNUSED_FUNCTION = YES;
				GCC_WARN_UNUSED_VARIABLE = YES;
				IPHONEOS_DEPLOYMENT_TARGET = 17.2;
				LOCALIZATION_PREFERS_STRING_CATALOGS = YES;
				MTL_ENABLE_DEBUG_INFO = NO;
				MTL_FAST_MATH = YES;
				SDKROOT = iphoneos;
				SWIFT_COMPILATION_MODE = wholemodule;
				VALIDATE_PRODUCT = YES;
			};
			name = Release;
		};
		9EBDC4AD2B76A8870036EFC5 /* Debug */ = {
			isa = XCBuildConfiguration;
			buildSettings = {
				ASSETCATALOG_COMPILER_APPICON_NAME = AppIcon;
				ASSETCATALOG_COMPILER_GLOBAL_ACCENT_COLOR_NAME = AccentColor;
				CODE_SIGN_STYLE = Automatic;
				CURRENT_PROJECT_VERSION = 1;
				DEVELOPMENT_TEAM = XCS44R5U3J;
				GENERATE_INFOPLIST_FILE = YES;
				INFOPLIST_FILE = ImageFeed/Info.plist;
				INFOPLIST_KEY_UIApplicationSupportsIndirectInputEvents = YES;
				INFOPLIST_KEY_UILaunchStoryboardName = LaunchScreen;
				INFOPLIST_KEY_UISupportedInterfaceOrientations_iPad = "UIInterfaceOrientationPortrait UIInterfaceOrientationPortraitUpsideDown UIInterfaceOrientationLandscapeLeft UIInterfaceOrientationLandscapeRight";
				INFOPLIST_KEY_UISupportedInterfaceOrientations_iPhone = "UIInterfaceOrientationPortrait UIInterfaceOrientationLandscapeLeft UIInterfaceOrientationLandscapeRight";
				LD_RUNPATH_SEARCH_PATHS = (
					"$(inherited)",
					"@executable_path/Frameworks",
				);
				MARKETING_VERSION = 1.0;
				PRODUCT_BUNDLE_IDENTIFIER = com.dimabalony.ImageFeed;
				PRODUCT_NAME = "$(TARGET_NAME)";
				SWIFT_EMIT_LOC_STRINGS = YES;
				SWIFT_VERSION = 5.0;
				TARGETED_DEVICE_FAMILY = "1,2";
			};
			name = Debug;
		};
		9EBDC4AE2B76A8870036EFC5 /* Release */ = {
			isa = XCBuildConfiguration;
			buildSettings = {
				ASSETCATALOG_COMPILER_APPICON_NAME = AppIcon;
				ASSETCATALOG_COMPILER_GLOBAL_ACCENT_COLOR_NAME = AccentColor;
				CODE_SIGN_STYLE = Automatic;
				CURRENT_PROJECT_VERSION = 1;
				DEVELOPMENT_TEAM = XCS44R5U3J;
				GENERATE_INFOPLIST_FILE = YES;
				INFOPLIST_FILE = ImageFeed/Info.plist;
				INFOPLIST_KEY_UIApplicationSupportsIndirectInputEvents = YES;
				INFOPLIST_KEY_UILaunchStoryboardName = LaunchScreen;
				INFOPLIST_KEY_UISupportedInterfaceOrientations_iPad = "UIInterfaceOrientationPortrait UIInterfaceOrientationPortraitUpsideDown UIInterfaceOrientationLandscapeLeft UIInterfaceOrientationLandscapeRight";
				INFOPLIST_KEY_UISupportedInterfaceOrientations_iPhone = "UIInterfaceOrientationPortrait UIInterfaceOrientationLandscapeLeft UIInterfaceOrientationLandscapeRight";
				LD_RUNPATH_SEARCH_PATHS = (
					"$(inherited)",
					"@executable_path/Frameworks",
				);
				MARKETING_VERSION = 1.0;
				PRODUCT_BUNDLE_IDENTIFIER = com.dimabalony.ImageFeed;
				PRODUCT_NAME = "$(TARGET_NAME)";
				SWIFT_EMIT_LOC_STRINGS = YES;
				SWIFT_VERSION = 5.0;
				TARGETED_DEVICE_FAMILY = "1,2";
			};
			name = Release;
		};
/* End XCBuildConfiguration section */

/* Begin XCConfigurationList section */
		9EBDC4932B76A8860036EFC5 /* Build configuration list for PBXProject "ImageFeed" */ = {
			isa = XCConfigurationList;
			buildConfigurations = (
				9EBDC4AA2B76A8870036EFC5 /* Debug */,
				9EBDC4AB2B76A8870036EFC5 /* Release */,
			);
			defaultConfigurationIsVisible = 0;
			defaultConfigurationName = Release;
		};
		9EBDC4AC2B76A8870036EFC5 /* Build configuration list for PBXNativeTarget "ImageFeed" */ = {
			isa = XCConfigurationList;
			buildConfigurations = (
				9EBDC4AD2B76A8870036EFC5 /* Debug */,
				9EBDC4AE2B76A8870036EFC5 /* Release */,
			);
			defaultConfigurationIsVisible = 0;
			defaultConfigurationName = Release;
		};
/* End XCConfigurationList section */
	};
	rootObject = 9EBDC4902B76A8860036EFC5 /* Project object */;
}
